# This file is automatically @generated by Cargo.
# It is not intended for manual editing.
[[package]]
name = "aho-corasick"
version = "0.6.10"
source = "registry+https://github.com/rust-lang/crates.io-index"
checksum = "81ce3d38065e618af2d7b77e10c5ad9a069859b4be3c2250f674af3840d9c8a5"
dependencies = [
 "memchr 2.3.3",
]

[[package]]
name = "alsa-sys"
version = "0.1.2"
source = "registry+https://github.com/rust-lang/crates.io-index"
checksum = "b0edcbbf9ef68f15ae1b620f722180b82a98b6f0628d30baa6b8d2a5abc87d58"
dependencies = [
 "libc",
 "pkg-config",
]

[[package]]
name = "ansi_term"
version = "0.11.0"
source = "registry+https://github.com/rust-lang/crates.io-index"
checksum = "ee49baf6cb617b853aa8d93bf420db2383fab46d314482ca2803b40d5fde979b"
dependencies = [
 "winapi 0.3.8",
]

[[package]]
name = "atty"
version = "0.2.14"
source = "registry+https://github.com/rust-lang/crates.io-index"
checksum = "d9b39be18770d11421cdb1b9947a45dd3f37e93092cbf377614828a319d5fee8"
dependencies = [
 "hermit-abi",
 "libc",
 "winapi 0.3.8",
]

[[package]]
name = "autocfg"
version = "1.0.0"
source = "registry+https://github.com/rust-lang/crates.io-index"
checksum = "f8aac770f1885fd7e387acedd76065302551364496e46b3dd00860b2f8359b9d"

[[package]]
name = "backtrace"
version = "0.3.45"
source = "registry+https://github.com/rust-lang/crates.io-index"
checksum = "ad235dabf00f36301792cfe82499880ba54c6486be094d1047b02bacb67c14e8"
dependencies = [
 "backtrace-sys",
 "cfg-if",
 "libc",
 "rustc-demangle",
]

[[package]]
name = "backtrace-sys"
version = "0.1.34"
source = "registry+https://github.com/rust-lang/crates.io-index"
checksum = "ca797db0057bae1a7aa2eef3283a874695455cecf08a43bfb8507ee0ebc1ed69"
dependencies = [
 "cc",
 "libc",
]

[[package]]
name = "bindgen"
version = "0.32.3"
source = "registry+https://github.com/rust-lang/crates.io-index"
checksum = "8b242e11a8f446f5fc7b76b37e81d737cabca562a927bd33766dac55b5f1177f"
dependencies = [
 "cexpr 0.2.3",
 "cfg-if",
 "clang-sys 0.21.2",
 "clap",
 "env_logger",
 "lazy_static",
 "log 0.3.9",
 "peeking_take_while",
 "proc-macro2 0.2.3",
 "quote 0.4.2",
 "regex 0.2.11",
 "which",
]

[[package]]
name = "bindgen"
version = "0.53.2"
source = "registry+https://github.com/rust-lang/crates.io-index"
checksum = "6bb26d6a69a335b8cb0e7c7e9775cd5666611dc50a37177c3f2cedcfc040e8c8"
dependencies = [
 "bitflags",
 "cexpr 0.4.0",
 "cfg-if",
 "clang-sys 0.29.2",
 "lazy_static",
 "lazycell",
 "peeking_take_while",
 "proc-macro2 1.0.9",
 "quote 1.0.3",
 "regex 1.3.5",
 "rustc-hash",
 "shlex",
]

[[package]]
name = "bitflags"
version = "1.2.1"
source = "registry+https://github.com/rust-lang/crates.io-index"
checksum = "cf1de2fe8c75bc145a2f577add951f8134889b4795d47466a54a5c846d691693"

[[package]]
name = "cc"
version = "1.0.50"
source = "registry+https://github.com/rust-lang/crates.io-index"
checksum = "95e28fa049fda1c330bcf9d723be7663a899c4679724b34c81e9f5a326aab8cd"

[[package]]
name = "cexpr"
version = "0.2.3"
source = "registry+https://github.com/rust-lang/crates.io-index"
checksum = "42aac45e9567d97474a834efdee3081b3c942b2205be932092f53354ce503d6c"
dependencies = [
 "nom 3.2.1",
]

[[package]]
name = "cexpr"
version = "0.4.0"
source = "registry+https://github.com/rust-lang/crates.io-index"
checksum = "f4aedb84272dbe89af497cf81375129abda4fc0a9e7c5d317498c15cc30c0d27"
dependencies = [
 "nom 5.1.1",
]

[[package]]
name = "cfg-if"
version = "0.1.10"
source = "registry+https://github.com/rust-lang/crates.io-index"
checksum = "4785bdd1c96b2a846b2bd7cc02e86b6b3dbf14e7e53446c4f54c92a361040822"

[[package]]
name = "clang-sys"
version = "0.21.2"
source = "registry+https://github.com/rust-lang/crates.io-index"
checksum = "e414af9726e1d11660801e73ccc7fb81803fb5f49e5903a25b348b2b3b480d2e"
dependencies = [
 "glob 0.2.11",
 "libc",
 "libloading 0.4.3",
]

[[package]]
name = "clang-sys"
version = "0.29.2"
source = "registry+https://github.com/rust-lang/crates.io-index"
checksum = "f92986241798376849e1a007827041fed9bb36195822c2049d18e174420e0534"
dependencies = [
 "glob 0.3.0",
 "libc",
 "libloading 0.5.2",
]

[[package]]
name = "clap"
version = "2.33.0"
source = "registry+https://github.com/rust-lang/crates.io-index"
checksum = "5067f5bb2d80ef5d68b4c87db81601f0b75bca627bc2ef76b141d7b846a3c6d9"
dependencies = [
 "ansi_term",
 "atty",
 "bitflags",
 "strsim",
 "textwrap",
 "unicode-width",
 "vec_map",
]

[[package]]
name = "core-foundation-sys"
version = "0.6.2"
source = "registry+https://github.com/rust-lang/crates.io-index"
checksum = "e7ca8a5221364ef15ce201e8ed2f609fc312682a8f4e0e3d4aa5879764e0fa3b"

[[package]]
name = "coreaudio-rs"
version = "0.9.1"
source = "registry+https://github.com/rust-lang/crates.io-index"
checksum = "f229761965dad3e9b11081668a6ea00f1def7aa46062321b5ec245b834f6e491"
dependencies = [
 "bitflags",
 "coreaudio-sys",
]

[[package]]
name = "coreaudio-sys"
version = "0.2.4"
source = "registry+https://github.com/rust-lang/crates.io-index"
checksum = "e81f1c165c33ffab90a03077ac3b03462b34d5947145dfa48102e063d581502c"
dependencies = [
 "bindgen 0.53.2",
]

[[package]]
name = "cpal"
version = "0.11.0"
source = "registry+https://github.com/rust-lang/crates.io-index"
checksum = "6b55d55d69f403f62a95bd3c04b431e0aedf5120c70f15d07a8edd234443dd59"
dependencies = [
 "alsa-sys",
 "core-foundation-sys",
 "coreaudio-rs",
 "lazy_static",
 "libc",
 "num-traits",
 "stdweb",
 "thiserror",
 "winapi 0.3.8",
]

[[package]]
name = "env_logger"
version = "0.4.3"
source = "registry+https://github.com/rust-lang/crates.io-index"
checksum = "3ddf21e73e016298f5cb37d6ef8e8da8e39f91f9ec8b0df44b7deb16a9f8cd5b"
dependencies = [
 "log 0.3.9",
 "regex 0.2.11",
]

[[package]]
name = "failure"
version = "0.1.7"
source = "registry+https://github.com/rust-lang/crates.io-index"
checksum = "b8529c2421efa3066a5cbd8063d2244603824daccb6936b079010bb2aa89464b"
dependencies = [
 "backtrace",
 "failure_derive",
]

[[package]]
name = "failure_derive"
version = "0.1.7"
source = "registry+https://github.com/rust-lang/crates.io-index"
checksum = "030a733c8287d6213886dd487564ff5c8f6aae10278b3588ed177f9d18f8d231"
dependencies = [
 "proc-macro2 1.0.9",
 "quote 1.0.3",
 "syn 1.0.16",
 "synstructure",
]

[[package]]
name = "glob"
version = "0.2.11"
source = "registry+https://github.com/rust-lang/crates.io-index"
checksum = "8be18de09a56b60ed0edf84bc9df007e30040691af7acd1c41874faac5895bfb"

[[package]]
name = "glob"
version = "0.3.0"
source = "registry+https://github.com/rust-lang/crates.io-index"
checksum = "9b919933a397b79c37e33b77bb2aa3dc8eb6e165ad809e58ff75bc7db2e34574"

[[package]]
name = "gramoloco"
version = "0.1.0"
dependencies = [
 "failure",
 "gramotor",
 "granode",
 "lilv",
 "lv2",
]

[[package]]
name = "gramotor"
version = "0.1.0"
dependencies = [
 "cpal",
 "failure",
 "granode",
 "lilv",
 "lv2",
]

[[package]]
name = "granode"
version = "0.1.0"
dependencies = [
 "failure",
 "lilv",
]

[[package]]
name = "hermit-abi"
version = "0.1.8"
source = "registry+https://github.com/rust-lang/crates.io-index"
checksum = "1010591b26bbfe835e9faeabeb11866061cc7dcebffd56ad7d0942d0e61aefd8"
dependencies = [
 "libc",
]

[[package]]
name = "kernel32-sys"
version = "0.2.2"
source = "registry+https://github.com/rust-lang/crates.io-index"
checksum = "7507624b29483431c0ba2d82aece8ca6cdba9382bff4ddd0f7490560c056098d"
dependencies = [
 "winapi 0.2.8",
 "winapi-build",
]

[[package]]
name = "lazy_static"
version = "1.4.0"
source = "registry+https://github.com/rust-lang/crates.io-index"
checksum = "e2abad23fbc42b3700f2f279844dc832adb2b2eb069b2df918f455c4e18cc646"

[[package]]
name = "lazycell"
version = "1.2.1"
source = "registry+https://github.com/rust-lang/crates.io-index"
checksum = "b294d6fa9ee409a054354afc4352b0b9ef7ca222c69b8812cbea9e7d2bf3783f"

[[package]]
name = "libc"
version = "0.2.68"
source = "registry+https://github.com/rust-lang/crates.io-index"
checksum = "dea0c0405123bba743ee3f91f49b1c7cfb684eef0da0a50110f758ccf24cdff0"

[[package]]
name = "libloading"
version = "0.4.3"
source = "registry+https://github.com/rust-lang/crates.io-index"
checksum = "fd38073de8f7965d0c17d30546d4bb6da311ab428d1c7a3fc71dff7f9d4979b9"
dependencies = [
 "kernel32-sys",
 "lazy_static",
 "winapi 0.2.8",
]

[[package]]
name = "libloading"
version = "0.5.2"
source = "registry+https://github.com/rust-lang/crates.io-index"
checksum = "f2b111a074963af1d37a139918ac6d49ad1d0d5e47f72fd55388619691a7d753"
dependencies = [
 "cc",
 "winapi 0.3.8",
]

[[package]]
name = "lilv"
version = "0.1.0"
dependencies = [
 "failure",
 "lilv-sys",
 "lv2",
]

[[package]]
name = "lilv-sys"
version = "0.1.0"
dependencies = [
 "bindgen 0.32.3",
 "pkg-config",
]

[[package]]
name = "log"
version = "0.3.9"
source = "registry+https://github.com/rust-lang/crates.io-index"
checksum = "e19e8d5c34a3e0e2223db8e060f9e8264aeeb5c5fc64a4ee9965c062211c024b"
dependencies = [
 "log 0.4.8",
]

[[package]]
name = "log"
version = "0.4.8"
source = "registry+https://github.com/rust-lang/crates.io-index"
checksum = "14b6052be84e6b71ab17edffc2eeabf5c2c3ae1fdb464aae35ac50c67a44e1f7"
dependencies = [
 "cfg-if",
]

[[package]]
name = "lv2"
version = "0.1.0"
dependencies = [
 "lv2-derive",
 "lv2-sys",
]

[[package]]
name = "lv2-derive"
version = "0.1.0"
dependencies = [
 "quote 0.6.13",
 "syn 0.15.44",
]

[[package]]
name = "lv2-sys"
version = "0.1.0"

[[package]]
name = "memchr"
version = "1.0.2"
source = "registry+https://github.com/rust-lang/crates.io-index"
checksum = "148fab2e51b4f1cfc66da2a7c32981d1d3c083a803978268bb11fe4b86925e7a"
dependencies = [
 "libc",
]

[[package]]
name = "memchr"
version = "2.3.3"
source = "registry+https://github.com/rust-lang/crates.io-index"
checksum = "3728d817d99e5ac407411fa471ff9800a778d88a24685968b36824eaf4bee400"

[[package]]
name = "nom"
version = "3.2.1"
source = "registry+https://github.com/rust-lang/crates.io-index"
checksum = "05aec50c70fd288702bcd93284a8444607f3292dbdf2a30de5ea5dcdbe72287b"
dependencies = [
 "memchr 1.0.2",
]

[[package]]
name = "nom"
version = "5.1.1"
source = "registry+https://github.com/rust-lang/crates.io-index"
checksum = "0b471253da97532da4b61552249c521e01e736071f71c1a4f7ebbfbf0a06aad6"
dependencies = [
 "memchr 2.3.3",
 "version_check",
]

[[package]]
name = "num-traits"
version = "0.2.11"
source = "registry+https://github.com/rust-lang/crates.io-index"
checksum = "c62be47e61d1842b9170f0fdeec8eba98e60e90e5446449a0545e5152acd7096"
dependencies = [
 "autocfg",
]

[[package]]
name = "peeking_take_while"
version = "0.1.2"
source = "registry+https://github.com/rust-lang/crates.io-index"
checksum = "19b17cddbe7ec3f8bc800887bab5e717348c95ea2ca0b1bf0837fb964dc67099"

[[package]]
name = "pkg-config"
version = "0.3.17"
source = "registry+https://github.com/rust-lang/crates.io-index"
checksum = "05da548ad6865900e60eaba7f589cc0783590a92e940c26953ff81ddbab2d677"

[[package]]
name = "proc-macro2"
version = "0.2.3"
source = "registry+https://github.com/rust-lang/crates.io-index"
checksum = "cd07deb3c6d1d9ff827999c7f9b04cdfd66b1b17ae508e14fe47b620f2282ae0"
dependencies = [
 "unicode-xid 0.1.0",
]

[[package]]
name = "proc-macro2"
version = "0.4.30"
source = "registry+https://github.com/rust-lang/crates.io-index"
checksum = "cf3d2011ab5c909338f7887f4fc896d35932e29146c12c8d01da6b22a80ba759"
dependencies = [
 "unicode-xid 0.1.0",
]

[[package]]
name = "proc-macro2"
version = "1.0.9"
source = "registry+https://github.com/rust-lang/crates.io-index"
checksum = "6c09721c6781493a2a492a96b5a5bf19b65917fe6728884e7c44dd0c60ca3435"
dependencies = [
 "unicode-xid 0.2.0",
]

[[package]]
name = "quote"
version = "0.4.2"
source = "registry+https://github.com/rust-lang/crates.io-index"
checksum = "1eca14c727ad12702eb4b6bfb5a232287dcf8385cb8ca83a3eeaf6519c44c408"
dependencies = [
 "proc-macro2 0.2.3",
]

[[package]]
name = "quote"
version = "0.6.13"
source = "registry+https://github.com/rust-lang/crates.io-index"
checksum = "6ce23b6b870e8f94f81fb0a363d65d86675884b34a09043c81e5562f11c1f8e1"
dependencies = [
 "proc-macro2 0.4.30",
]

[[package]]
name = "quote"
version = "1.0.3"
source = "registry+https://github.com/rust-lang/crates.io-index"
checksum = "2bdc6c187c65bca4260c9011c9e3132efe4909da44726bad24cf7572ae338d7f"
dependencies = [
 "proc-macro2 1.0.9",
]

[[package]]
name = "regex"
version = "0.2.11"
source = "registry+https://github.com/rust-lang/crates.io-index"
checksum = "9329abc99e39129fcceabd24cf5d85b4671ef7c29c50e972bc5afe32438ec384"
dependencies = [
 "aho-corasick",
 "memchr 2.3.3",
 "regex-syntax 0.5.6",
 "thread_local",
 "utf8-ranges",
]

[[package]]
name = "regex"
version = "1.3.5"
source = "registry+https://github.com/rust-lang/crates.io-index"
checksum = "8900ebc1363efa7ea1c399ccc32daed870b4002651e0bed86e72d501ebbe0048"
dependencies = [
 "regex-syntax 0.6.17",
]

[[package]]
name = "regex-syntax"
version = "0.5.6"
source = "registry+https://github.com/rust-lang/crates.io-index"
checksum = "7d707a4fa2637f2dca2ef9fd02225ec7661fe01a53623c1e6515b6916511f7a7"
dependencies = [
 "ucd-util",
]

[[package]]
name = "regex-syntax"
version = "0.6.17"
source = "registry+https://github.com/rust-lang/crates.io-index"
checksum = "7fe5bd57d1d7414c6b5ed48563a2c855d995ff777729dcd91c369ec7fea395ae"

[[package]]
name = "rustc-demangle"
version = "0.1.16"
source = "registry+https://github.com/rust-lang/crates.io-index"
checksum = "4c691c0e608126e00913e33f0ccf3727d5fc84573623b8d65b2df340b5201783"

[[package]]
name = "rustc-hash"
version = "1.1.0"
source = "registry+https://github.com/rust-lang/crates.io-index"
checksum = "08d43f7aa6b08d49f382cde6a7982047c3426db949b1424bc4b7ec9ae12c6ce2"

[[package]]
name = "shlex"
version = "0.1.1"
source = "registry+https://github.com/rust-lang/crates.io-index"
checksum = "7fdf1b9db47230893d76faad238fd6097fd6d6a9245cd7a4d90dbd639536bbd2"

[[package]]
name = "stdweb"
version = "0.1.3"
source = "registry+https://github.com/rust-lang/crates.io-index"
checksum = "ef5430c8e36b713e13b48a9f709cc21e046723fe44ce34587b73a830203b533e"

[[package]]
name = "strsim"
version = "0.8.0"
source = "registry+https://github.com/rust-lang/crates.io-index"
checksum = "8ea5119cdb4c55b55d432abb513a0429384878c15dde60cc77b1c99de1a95a6a"

[[package]]
name = "syn"
version = "0.15.44"
source = "registry+https://github.com/rust-lang/crates.io-index"
checksum = "9ca4b3b69a77cbe1ffc9e198781b7acb0c7365a883670e8f1c1bc66fba79a5c5"
dependencies = [
 "proc-macro2 0.4.30",
 "quote 0.6.13",
 "unicode-xid 0.1.0",
]

[[package]]
name = "syn"
version = "1.0.16"
source = "registry+https://github.com/rust-lang/crates.io-index"
checksum = "123bd9499cfb380418d509322d7a6d52e5315f064fe4b3ad18a53d6b92c07859"
dependencies = [
 "proc-macro2 1.0.9",
 "quote 1.0.3",
 "unicode-xid 0.2.0",
]

[[package]]
name = "synstructure"
version = "0.12.3"
source = "registry+https://github.com/rust-lang/crates.io-index"
checksum = "67656ea1dc1b41b1451851562ea232ec2e5a80242139f7e679ceccfb5d61f545"
dependencies = [
 "proc-macro2 1.0.9",
 "quote 1.0.3",
 "syn 1.0.16",
 "unicode-xid 0.2.0",
]

[[package]]
name = "textwrap"
version = "0.11.0"
source = "registry+https://github.com/rust-lang/crates.io-index"
checksum = "d326610f408c7a4eb6f51c37c330e496b08506c9457c9d34287ecc38809fb060"
dependencies = [
 "unicode-width",
]

[[package]]
name = "thiserror"
version = "1.0.11"
source = "registry+https://github.com/rust-lang/crates.io-index"
checksum = "ee14bf8e6767ab4c687c9e8bc003879e042a96fd67a3ba5934eadb6536bef4db"
dependencies = [
 "thiserror-impl",
]

[[package]]
name = "thiserror-impl"
version = "1.0.11"
source = "registry+https://github.com/rust-lang/crates.io-index"
checksum = "a7b51e1fbc44b5a0840be594fbc0f960be09050f2617e61e6aa43bef97cd3ef4"
dependencies = [
 "proc-macro2 1.0.9",
 "quote 1.0.3",
 "syn 1.0.16",
]

[[package]]
name = "thread_local"
version = "0.3.6"
source = "registry+https://github.com/rust-lang/crates.io-index"
checksum = "c6b53e329000edc2b34dbe8545fd20e55a333362d0a321909685a19bd28c3f1b"
dependencies = [
 "lazy_static",
]

[[package]]
name = "ucd-util"
version = "0.1.8"
source = "registry+https://github.com/rust-lang/crates.io-index"
checksum = "c85f514e095d348c279b1e5cd76795082cf15bd59b93207832abe0b1d8fed236"

[[package]]
name = "unicode-width"
version = "0.1.7"
source = "registry+https://github.com/rust-lang/crates.io-index"
checksum = "caaa9d531767d1ff2150b9332433f32a24622147e5ebb1f26409d5da67afd479"

[[package]]
name = "unicode-xid"
version = "0.1.0"
source = "registry+https://github.com/rust-lang/crates.io-index"
checksum = "fc72304796d0818e357ead4e000d19c9c174ab23dc11093ac919054d20a6a7fc"

[[package]]
name = "unicode-xid"
version = "0.2.0"
source = "registry+https://github.com/rust-lang/crates.io-index"
checksum = "826e7639553986605ec5979c7dd957c7895e93eabed50ab2ffa7f6128a75097c"

[[package]]
name = "utf8-ranges"
version = "1.0.4"
source = "registry+https://github.com/rust-lang/crates.io-index"
checksum = "b4ae116fef2b7fea257ed6440d3cfcff7f190865f170cdad00bb6465bf18ecba"

[[package]]
name = "vec_map"
version = "0.8.1"
source = "registry+https://github.com/rust-lang/crates.io-index"
checksum = "05c78687fb1a80548ae3250346c3db86a80a7cdd77bda190189f2d0a0987c81a"

[[package]]
name = "version_check"
version = "0.9.1"
source = "registry+https://github.com/rust-lang/crates.io-index"
checksum = "078775d0255232fb988e6fccf26ddc9d1ac274299aaedcedce21c6f72cc533ce"

[[package]]
name = "which"
version = "1.0.5"
source = "registry+https://github.com/rust-lang/crates.io-index"
checksum = "e84a603e7e0b1ce1aa1ee2b109c7be00155ce52df5081590d1ffb93f4f515cb2"
dependencies = [
 "libc",
]

[[package]]
name = "winapi"
version = "0.2.8"
source = "registry+https://github.com/rust-lang/crates.io-index"
checksum = "167dc9d6949a9b857f3451275e911c3f44255842c1f7a76f33c55103a909087a"

[[package]]
name = "winapi"
version = "0.3.8"
source = "registry+https://github.com/rust-lang/crates.io-index"
checksum = "8093091eeb260906a183e6ae1abdba2ef5ef2257a21801128899c3fc699229c6"
dependencies = [
 "winapi-i686-pc-windows-gnu",
 "winapi-x86_64-pc-windows-gnu",
]

[[package]]
name = "winapi-build"
version = "0.1.1"
source = "registry+https://github.com/rust-lang/crates.io-index"
checksum = "2d315eee3b34aca4797b2da6b13ed88266e6d612562a0c46390af8299fc699bc"

[[package]]
name = "winapi-i686-pc-windows-gnu"
version = "0.4.0"
source = "registry+https://github.com/rust-lang/crates.io-index"
checksum = "ac3b87c63620426dd9b991e5ce0329eff545bccbbb34f3be09ff6fb6ab51b7b6"

[[package]]
name = "winapi-x86_64-pc-windows-gnu"
version = "0.4.0"
source = "registry+https://github.com/rust-lang/crates.io-index"
checksum = "712e227841d057c1ee1cd2fb22fa7e5a5461ae8e48fa2ca79ec42cfc1931183f"
